// !$*UTF8*$!
{
	archiveVersion = 1;
	classes = {
	};
	objectVersion = 50;
	objects = {

/* Begin PBXBuildFile section */
		5CB4769D21805A680057AFE6 /* main.cpp in Sources */ = {isa = PBXBuildFile; fileRef = 5CB4769C21805A680057AFE6 /* main.cpp */; };
		5CB476CE21805B0F0057AFE6 /* libopencv_line_descriptor.3.4.0.dylib in Frameworks */ = {isa = PBXBuildFile; fileRef = 5CB476A421805B090057AFE6 /* libopencv_line_descriptor.3.4.0.dylib */; };
		5CB476CF21805B0F0057AFE6 /* libopencv_videoio.3.4.0.dylib in Frameworks */ = {isa = PBXBuildFile; fileRef = 5CB476A521805B090057AFE6 /* libopencv_videoio.3.4.0.dylib */; };
		5CB476D021805B0F0057AFE6 /* libopencv_flann.3.4.0.dylib in Frameworks */ = {isa = PBXBuildFile; fileRef = 5CB476A621805B090057AFE6 /* libopencv_flann.3.4.0.dylib */; };
		5CB476D121805B0F0057AFE6 /* libopencv_reg.3.4.0.dylib in Frameworks */ = {isa = PBXBuildFile; fileRef = 5CB476A721805B0A0057AFE6 /* libopencv_reg.3.4.0.dylib */; };
		5CB476D221805B0F0057AFE6 /* libopencv_imgproc.3.4.0.dylib in Frameworks */ = {isa = PBXBuildFile; fileRef = 5CB476A821805B0B0057AFE6 /* libopencv_imgproc.3.4.0.dylib */; };
		5CB476D321805B0F0057AFE6 /* libopencv_img_hash.3.4.0.dylib in Frameworks */ = {isa = PBXBuildFile; fileRef = 5CB476A921805B0B0057AFE6 /* libopencv_img_hash.3.4.0.dylib */; };
		5CB476D421805B0F0057AFE6 /* libopencv_plot.3.4.0.dylib in Frameworks */ = {isa = PBXBuildFile; fileRef = 5CB476AA21805B0B0057AFE6 /* libopencv_plot.3.4.0.dylib */; };
		5CB476D521805B0F0057AFE6 /* libopencv_xphoto.3.4.0.dylib in Frameworks */ = {isa = PBXBuildFile; fileRef = 5CB476AB21805B0B0057AFE6 /* libopencv_xphoto.3.4.0.dylib */; };
		5CB476D621805B0F0057AFE6 /* libopencv_objdetect.3.4.0.dylib in Frameworks */ = {isa = PBXBuildFile; fileRef = 5CB476AC21805B0B0057AFE6 /* libopencv_objdetect.3.4.0.dylib */; };
		5CB476D721805B0F0057AFE6 /* libopencv_text.3.4.0.dylib in Frameworks */ = {isa = PBXBuildFile; fileRef = 5CB476AD21805B0B0057AFE6 /* libopencv_text.3.4.0.dylib */; };
		5CB476D821805B0F0057AFE6 /* libopencv_photo.3.4.0.dylib in Frameworks */ = {isa = PBXBuildFile; fileRef = 5CB476AE21805B0B0057AFE6 /* libopencv_photo.3.4.0.dylib */; };
		5CB476D921805B0F0057AFE6 /* libopencv_tracking.3.4.0.dylib in Frameworks */ = {isa = PBXBuildFile; fileRef = 5CB476AF21805B0B0057AFE6 /* libopencv_tracking.3.4.0.dylib */; };
		5CB476DA21805B0F0057AFE6 /* libopencv_xfeatures2d.3.4.0.dylib in Frameworks */ = {isa = PBXBuildFile; fileRef = 5CB476B021805B0C0057AFE6 /* libopencv_xfeatures2d.3.4.0.dylib */; };
		5CB476DB21805B0F0057AFE6 /* libopencv_ml.3.4.0.dylib in Frameworks */ = {isa = PBXBuildFile; fileRef = 5CB476B121805B0C0057AFE6 /* libopencv_ml.3.4.0.dylib */; };
		5CB476DC21805B0F0057AFE6 /* libopencv_phase_unwrapping.3.4.0.dylib in Frameworks */ = {isa = PBXBuildFile; fileRef = 5CB476B221805B0C0057AFE6 /* libopencv_phase_unwrapping.3.4.0.dylib */; };
		5CB476DD21805B0F0057AFE6 /* libopencv_saliency.3.4.0.dylib in Frameworks */ = {isa = PBXBuildFile; fileRef = 5CB476B321805B0C0057AFE6 /* libopencv_saliency.3.4.0.dylib */; };
		5CB476DE21805B0F0057AFE6 /* libopencv_face.3.4.0.dylib in Frameworks */ = {isa = PBXBuildFile; fileRef = 5CB476B421805B0C0057AFE6 /* libopencv_face.3.4.0.dylib */; };
		5CB476DF21805B0F0057AFE6 /* libopencv_shape.3.4.0.dylib in Frameworks */ = {isa = PBXBuildFile; fileRef = 5CB476B521805B0C0057AFE6 /* libopencv_shape.3.4.0.dylib */; };
		5CB476E021805B0F0057AFE6 /* libopencv_bioinspired.3.4.0.dylib in Frameworks */ = {isa = PBXBuildFile; fileRef = 5CB476B621805B0C0057AFE6 /* libopencv_bioinspired.3.4.0.dylib */; };
		5CB476E121805B0F0057AFE6 /* libopencv_dnn.3.4.0.dylib in Frameworks */ = {isa = PBXBuildFile; fileRef = 5CB476B721805B0C0057AFE6 /* libopencv_dnn.3.4.0.dylib */; };
		5CB476E221805B0F0057AFE6 /* libopencv_stereo.3.4.0.dylib in Frameworks */ = {isa = PBXBuildFile; fileRef = 5CB476B821805B0C0057AFE6 /* libopencv_stereo.3.4.0.dylib */; };
		5CB476E321805B0F0057AFE6 /* libopencv_video.3.4.0.dylib in Frameworks */ = {isa = PBXBuildFile; fileRef = 5CB476B921805B0C0057AFE6 /* libopencv_video.3.4.0.dylib */; };
		5CB476E421805B0F0057AFE6 /* libopencv_aruco.3.4.0.dylib in Frameworks */ = {isa = PBXBuildFile; fileRef = 5CB476BA21805B0C0057AFE6 /* libopencv_aruco.3.4.0.dylib */; };
		5CB476E521805B0F0057AFE6 /* libopencv_optflow.3.4.0.dylib in Frameworks */ = {isa = PBXBuildFile; fileRef = 5CB476BB21805B0C0057AFE6 /* libopencv_optflow.3.4.0.dylib */; };
		5CB476E621805B0F0057AFE6 /* libopencv_imgcodecs.3.4.0.dylib in Frameworks */ = {isa = PBXBuildFile; fileRef = 5CB476BC21805B0D0057AFE6 /* libopencv_imgcodecs.3.4.0.dylib */; };
		5CB476E721805B0F0057AFE6 /* libopencv_videostab.3.4.0.dylib in Frameworks */ = {isa = PBXBuildFile; fileRef = 5CB476BD21805B0D0057AFE6 /* libopencv_videostab.3.4.0.dylib */; };
		5CB476E821805B0F0057AFE6 /* libopencv_ximgproc.3.4.0.dylib in Frameworks */ = {isa = PBXBuildFile; fileRef = 5CB476BE21805B0D0057AFE6 /* libopencv_ximgproc.3.4.0.dylib */; };
		5CB476E921805B0F0057AFE6 /* libopencv_superres.3.4.0.dylib in Frameworks */ = {isa = PBXBuildFile; fileRef = 5CB476BF21805B0D0057AFE6 /* libopencv_superres.3.4.0.dylib */; };
		5CB476EA21805B0F0057AFE6 /* libopencv_fuzzy.3.4.0.dylib in Frameworks */ = {isa = PBXBuildFile; fileRef = 5CB476C021805B0D0057AFE6 /* libopencv_fuzzy.3.4.0.dylib */; };
		5CB476EB21805B0F0057AFE6 /* libopencv_features2d.3.4.0.dylib in Frameworks */ = {isa = PBXBuildFile; fileRef = 5CB476C121805B0D0057AFE6 /* libopencv_features2d.3.4.0.dylib */; };
		5CB476EC21805B0F0057AFE6 /* libopencv_datasets.3.4.0.dylib in Frameworks */ = {isa = PBXBuildFile; fileRef = 5CB476C221805B0D0057AFE6 /* libopencv_datasets.3.4.0.dylib */; };
		5CB476ED21805B0F0057AFE6 /* libopencv_xobjdetect.3.4.0.dylib in Frameworks */ = {isa = PBXBuildFile; fileRef = 5CB476C321805B0D0057AFE6 /* libopencv_xobjdetect.3.4.0.dylib */; };
		5CB476EE21805B0F0057AFE6 /* libopencv_highgui.3.4.0.dylib in Frameworks */ = {isa = PBXBuildFile; fileRef = 5CB476C421805B0D0057AFE6 /* libopencv_highgui.3.4.0.dylib */; };
		5CB476EF21805B0F0057AFE6 /* libopencv_stitching.3.4.0.dylib in Frameworks */ = {isa = PBXBuildFile; fileRef = 5CB476C521805B0D0057AFE6 /* libopencv_stitching.3.4.0.dylib */; };
		5CB476F021805B0F0057AFE6 /* libopencv_calib3d.3.4.0.dylib in Frameworks */ = {isa = PBXBuildFile; fileRef = 5CB476C621805B0D0057AFE6 /* libopencv_calib3d.3.4.0.dylib */; };
		5CB476F121805B0F0057AFE6 /* libopencv_core.3.4.0.dylib in Frameworks */ = {isa = PBXBuildFile; fileRef = 5CB476C721805B0E0057AFE6 /* libopencv_core.3.4.0.dylib */; };
		5CB476F221805B0F0057AFE6 /* libopencv_dpm.3.4.0.dylib in Frameworks */ = {isa = PBXBuildFile; fileRef = 5CB476C821805B0E0057AFE6 /* libopencv_dpm.3.4.0.dylib */; };
		5CB476F321805B0F0057AFE6 /* libopencv_ccalib.3.4.0.dylib in Frameworks */ = {isa = PBXBuildFile; fileRef = 5CB476C921805B0E0057AFE6 /* libopencv_ccalib.3.4.0.dylib */; };
		5CB476F421805B0F0057AFE6 /* libopencv_rgbd.3.4.0.dylib in Frameworks */ = {isa = PBXBuildFile; fileRef = 5CB476CA21805B0E0057AFE6 /* libopencv_rgbd.3.4.0.dylib */; };
		5CB476F521805B0F0057AFE6 /* libopencv_bgsegm.3.4.0.dylib in Frameworks */ = {isa = PBXBuildFile; fileRef = 5CB476CB21805B0E0057AFE6 /* libopencv_bgsegm.3.4.0.dylib */; };
		5CB476F621805B0F0057AFE6 /* libopencv_structured_light.3.4.0.dylib in Frameworks */ = {isa = PBXBuildFile; fileRef = 5CB476CC21805B0E0057AFE6 /* libopencv_structured_light.3.4.0.dylib */; };
		5CB476F721805B0F0057AFE6 /* libopencv_surface_matching.3.4.0.dylib in Frameworks */ = {isa = PBXBuildFile; fileRef = 5CB476CD21805B0F0057AFE6 /* libopencv_surface_matching.3.4.0.dylib */; };
		5CB4770E218083640057AFE6 /* libprotobuf.17.dylib in Frameworks */ = {isa = PBXBuildFile; fileRef = 5CB4770D218083640057AFE6 /* libprotobuf.17.dylib */; };
		5CB477112180836D0057AFE6 /* libxml2.2.dylib in Frameworks */ = {isa = PBXBuildFile; fileRef = 5CB4770F2180836D0057AFE6 /* libxml2.2.dylib */; };
		5CB477122180836D0057AFE6 /* libz.1.dylib in Frameworks */ = {isa = PBXBuildFile; fileRef = 5CB477102180836D0057AFE6 /* libz.1.dylib */; };
		5CB47715218083BA0057AFE6 /* planner.cpp in Sources */ = {isa = PBXBuildFile; fileRef = 5CB47713218083BA0057AFE6 /* planner.cpp */; };
		5CB4771D21808D9F0057AFE6 /* image_proc.cpp in Sources */ = {isa = PBXBuildFile; fileRef = 5CB4771B21808D9F0057AFE6 /* image_proc.cpp */; };
		5CB4772121808EB50057AFE6 /* heuristic_rrt.cpp in Sources */ = {isa = PBXBuildFile; fileRef = 5CB4771F21808EB50057AFE6 /* heuristic_rrt.cpp */; };
		5CB4772521808F580057AFE6 /* environment.cpp in Sources */ = {isa = PBXBuildFile; fileRef = 5CB4772321808F580057AFE6 /* environment.cpp */; };
		5CB4772921808FCE0057AFE6 /* probablistic_map.cpp in Sources */ = {isa = PBXBuildFile; fileRef = 5CB4772721808FCE0057AFE6 /* probablistic_map.cpp */; };
		5CB4772E218187790057AFE6 /* planning_conf.pb.cc in Sources */ = {isa = PBXBuildFile; fileRef = 5CB4772D218187790057AFE6 /* planning_conf.pb.cc */; };
		5CB4B122218AE63100433D76 /* main.cpp in Sources */ = {isa = PBXBuildFile; fileRef = 5CB4B121218AE63100433D76 /* main.cpp */; };
/* End PBXBuildFile section */

/* Begin PBXBuildRule section */
		5CB476FA21805B850057AFE6 /* PBXBuildRule */ = {
			isa = PBXBuildRule;
			compilerSpec = com.apple.compilers.proxy.script;
			filePatterns = proto;
			fileType = pattern.proxy;
			isEditable = 1;
			outputFiles = (
				"$(DERIVED_FILE_DIR)/planning_conf.pb.cc",
				"$(DERIVED_FILE_DIR)/planning_conf.pb.h",
			);
			script = "protoc --proto_path=${SRCROOT}/proto/planning_conf.proto  --cpp_out=${DERIVED_FILE_DIR}\n";
		};
/* End PBXBuildRule section */

/* Begin PBXCopyFilesBuildPhase section */
		5CB4769721805A680057AFE6 /* CopyFiles */ = {
			isa = PBXCopyFilesBuildPhase;
			buildActionMask = 2147483647;
			dstPath = /usr/share/man/man1/;
			dstSubfolderSpec = 0;
			files = (
			);
			runOnlyForDeploymentPostprocessing = 1;
		};
		5CB4B11D218AE63100433D76 /* CopyFiles */ = {
			isa = PBXCopyFilesBuildPhase;
			buildActionMask = 2147483647;
			dstPath = /usr/share/man/man1/;
			dstSubfolderSpec = 0;
			files = (
			);
			runOnlyForDeploymentPostprocessing = 1;
		};
/* End PBXCopyFilesBuildPhase section */

/* Begin PBXFileReference section */
		5CB4769921805A680057AFE6 /* rrt */ = {isa = PBXFileReference; explicitFileType = "compiled.mach-o.executable"; includeInIndex = 0; path = rrt; sourceTree = BUILT_PRODUCTS_DIR; };
		5CB4769C21805A680057AFE6 /* main.cpp */ = {isa = PBXFileReference; lastKnownFileType = sourcecode.cpp.cpp; name = main.cpp; path = rrt/main.cpp; sourceTree = SOURCE_ROOT; };
		5CB476A421805B090057AFE6 /* libopencv_line_descriptor.3.4.0.dylib */ = {isa = PBXFileReference; lastKnownFileType = "compiled.mach-o.dylib"; path = libopencv_line_descriptor.3.4.0.dylib; sourceTree = "<group>"; };
		5CB476A521805B090057AFE6 /* libopencv_videoio.3.4.0.dylib */ = {isa = PBXFileReference; lastKnownFileType = "compiled.mach-o.dylib"; path = libopencv_videoio.3.4.0.dylib; sourceTree = "<group>"; };
		5CB476A621805B090057AFE6 /* libopencv_flann.3.4.0.dylib */ = {isa = PBXFileReference; lastKnownFileType = "compiled.mach-o.dylib"; path = libopencv_flann.3.4.0.dylib; sourceTree = "<group>"; };
		5CB476A721805B0A0057AFE6 /* libopencv_reg.3.4.0.dylib */ = {isa = PBXFileReference; lastKnownFileType = "compiled.mach-o.dylib"; path = libopencv_reg.3.4.0.dylib; sourceTree = "<group>"; };
		5CB476A821805B0B0057AFE6 /* libopencv_imgproc.3.4.0.dylib */ = {isa = PBXFileReference; lastKnownFileType = "compiled.mach-o.dylib"; path = libopencv_imgproc.3.4.0.dylib; sourceTree = "<group>"; };
		5CB476A921805B0B0057AFE6 /* libopencv_img_hash.3.4.0.dylib */ = {isa = PBXFileReference; lastKnownFileType = "compiled.mach-o.dylib"; path = libopencv_img_hash.3.4.0.dylib; sourceTree = "<group>"; };
		5CB476AA21805B0B0057AFE6 /* libopencv_plot.3.4.0.dylib */ = {isa = PBXFileReference; lastKnownFileType = "compiled.mach-o.dylib"; path = libopencv_plot.3.4.0.dylib; sourceTree = "<group>"; };
		5CB476AB21805B0B0057AFE6 /* libopencv_xphoto.3.4.0.dylib */ = {isa = PBXFileReference; lastKnownFileType = "compiled.mach-o.dylib"; path = libopencv_xphoto.3.4.0.dylib; sourceTree = "<group>"; };
		5CB476AC21805B0B0057AFE6 /* libopencv_objdetect.3.4.0.dylib */ = {isa = PBXFileReference; lastKnownFileType = "compiled.mach-o.dylib"; path = libopencv_objdetect.3.4.0.dylib; sourceTree = "<group>"; };
		5CB476AD21805B0B0057AFE6 /* libopencv_text.3.4.0.dylib */ = {isa = PBXFileReference; lastKnownFileType = "compiled.mach-o.dylib"; path = libopencv_text.3.4.0.dylib; sourceTree = "<group>"; };
		5CB476AE21805B0B0057AFE6 /* libopencv_photo.3.4.0.dylib */ = {isa = PBXFileReference; lastKnownFileType = "compiled.mach-o.dylib"; path = libopencv_photo.3.4.0.dylib; sourceTree = "<group>"; };
		5CB476AF21805B0B0057AFE6 /* libopencv_tracking.3.4.0.dylib */ = {isa = PBXFileReference; lastKnownFileType = "compiled.mach-o.dylib"; path = libopencv_tracking.3.4.0.dylib; sourceTree = "<group>"; };
		5CB476B021805B0C0057AFE6 /* libopencv_xfeatures2d.3.4.0.dylib */ = {isa = PBXFileReference; lastKnownFileType = "compiled.mach-o.dylib"; path = libopencv_xfeatures2d.3.4.0.dylib; sourceTree = "<group>"; };
		5CB476B121805B0C0057AFE6 /* libopencv_ml.3.4.0.dylib */ = {isa = PBXFileReference; lastKnownFileType = "compiled.mach-o.dylib"; path = libopencv_ml.3.4.0.dylib; sourceTree = "<group>"; };
		5CB476B221805B0C0057AFE6 /* libopencv_phase_unwrapping.3.4.0.dylib */ = {isa = PBXFileReference; lastKnownFileType = "compiled.mach-o.dylib"; path = libopencv_phase_unwrapping.3.4.0.dylib; sourceTree = "<group>"; };
		5CB476B321805B0C0057AFE6 /* libopencv_saliency.3.4.0.dylib */ = {isa = PBXFileReference; lastKnownFileType = "compiled.mach-o.dylib"; path = libopencv_saliency.3.4.0.dylib; sourceTree = "<group>"; };
		5CB476B421805B0C0057AFE6 /* libopencv_face.3.4.0.dylib */ = {isa = PBXFileReference; lastKnownFileType = "compiled.mach-o.dylib"; path = libopencv_face.3.4.0.dylib; sourceTree = "<group>"; };
		5CB476B521805B0C0057AFE6 /* libopencv_shape.3.4.0.dylib */ = {isa = PBXFileReference; lastKnownFileType = "compiled.mach-o.dylib"; path = libopencv_shape.3.4.0.dylib; sourceTree = "<group>"; };
		5CB476B621805B0C0057AFE6 /* libopencv_bioinspired.3.4.0.dylib */ = {isa = PBXFileReference; lastKnownFileType = "compiled.mach-o.dylib"; path = libopencv_bioinspired.3.4.0.dylib; sourceTree = "<group>"; };
		5CB476B721805B0C0057AFE6 /* libopencv_dnn.3.4.0.dylib */ = {isa = PBXFileReference; lastKnownFileType = "compiled.mach-o.dylib"; path = libopencv_dnn.3.4.0.dylib; sourceTree = "<group>"; };
		5CB476B821805B0C0057AFE6 /* libopencv_stereo.3.4.0.dylib */ = {isa = PBXFileReference; lastKnownFileType = "compiled.mach-o.dylib"; path = libopencv_stereo.3.4.0.dylib; sourceTree = "<group>"; };
		5CB476B921805B0C0057AFE6 /* libopencv_video.3.4.0.dylib */ = {isa = PBXFileReference; lastKnownFileType = "compiled.mach-o.dylib"; path = libopencv_video.3.4.0.dylib; sourceTree = "<group>"; };
		5CB476BA21805B0C0057AFE6 /* libopencv_aruco.3.4.0.dylib */ = {isa = PBXFileReference; lastKnownFileType = "compiled.mach-o.dylib"; path = libopencv_aruco.3.4.0.dylib; sourceTree = "<group>"; };
		5CB476BB21805B0C0057AFE6 /* libopencv_optflow.3.4.0.dylib */ = {isa = PBXFileReference; lastKnownFileType = "compiled.mach-o.dylib"; path = libopencv_optflow.3.4.0.dylib; sourceTree = "<group>"; };
		5CB476BC21805B0D0057AFE6 /* libopencv_imgcodecs.3.4.0.dylib */ = {isa = PBXFileReference; lastKnownFileType = "compiled.mach-o.dylib"; path = libopencv_imgcodecs.3.4.0.dylib; sourceTree = "<group>"; };
		5CB476BD21805B0D0057AFE6 /* libopencv_videostab.3.4.0.dylib */ = {isa = PBXFileReference; lastKnownFileType = "compiled.mach-o.dylib"; path = libopencv_videostab.3.4.0.dylib; sourceTree = "<group>"; };
		5CB476BE21805B0D0057AFE6 /* libopencv_ximgproc.3.4.0.dylib */ = {isa = PBXFileReference; lastKnownFileType = "compiled.mach-o.dylib"; path = libopencv_ximgproc.3.4.0.dylib; sourceTree = "<group>"; };
		5CB476BF21805B0D0057AFE6 /* libopencv_superres.3.4.0.dylib */ = {isa = PBXFileReference; lastKnownFileType = "compiled.mach-o.dylib"; path = libopencv_superres.3.4.0.dylib; sourceTree = "<group>"; };
		5CB476C021805B0D0057AFE6 /* libopencv_fuzzy.3.4.0.dylib */ = {isa = PBXFileReference; lastKnownFileType = "compiled.mach-o.dylib"; path = libopencv_fuzzy.3.4.0.dylib; sourceTree = "<group>"; };
		5CB476C121805B0D0057AFE6 /* libopencv_features2d.3.4.0.dylib */ = {isa = PBXFileReference; lastKnownFileType = "compiled.mach-o.dylib"; path = libopencv_features2d.3.4.0.dylib; sourceTree = "<group>"; };
		5CB476C221805B0D0057AFE6 /* libopencv_datasets.3.4.0.dylib */ = {isa = PBXFileReference; lastKnownFileType = "compiled.mach-o.dylib"; path = libopencv_datasets.3.4.0.dylib; sourceTree = "<group>"; };
		5CB476C321805B0D0057AFE6 /* libopencv_xobjdetect.3.4.0.dylib */ = {isa = PBXFileReference; lastKnownFileType = "compiled.mach-o.dylib"; path = libopencv_xobjdetect.3.4.0.dylib; sourceTree = "<group>"; };
		5CB476C421805B0D0057AFE6 /* libopencv_highgui.3.4.0.dylib */ = {isa = PBXFileReference; lastKnownFileType = "compiled.mach-o.dylib"; path = libopencv_highgui.3.4.0.dylib; sourceTree = "<group>"; };
		5CB476C521805B0D0057AFE6 /* libopencv_stitching.3.4.0.dylib */ = {isa = PBXFileReference; lastKnownFileType = "compiled.mach-o.dylib"; path = libopencv_stitching.3.4.0.dylib; sourceTree = "<group>"; };
		5CB476C621805B0D0057AFE6 /* libopencv_calib3d.3.4.0.dylib */ = {isa = PBXFileReference; lastKnownFileType = "compiled.mach-o.dylib"; path = libopencv_calib3d.3.4.0.dylib; sourceTree = "<group>"; };
		5CB476C721805B0E0057AFE6 /* libopencv_core.3.4.0.dylib */ = {isa = PBXFileReference; lastKnownFileType = "compiled.mach-o.dylib"; path = libopencv_core.3.4.0.dylib; sourceTree = "<group>"; };
		5CB476C821805B0E0057AFE6 /* libopencv_dpm.3.4.0.dylib */ = {isa = PBXFileReference; lastKnownFileType = "compiled.mach-o.dylib"; path = libopencv_dpm.3.4.0.dylib; sourceTree = "<group>"; };
		5CB476C921805B0E0057AFE6 /* libopencv_ccalib.3.4.0.dylib */ = {isa = PBXFileReference; lastKnownFileType = "compiled.mach-o.dylib"; path = libopencv_ccalib.3.4.0.dylib; sourceTree = "<group>"; };
		5CB476CA21805B0E0057AFE6 /* libopencv_rgbd.3.4.0.dylib */ = {isa = PBXFileReference; lastKnownFileType = "compiled.mach-o.dylib"; path = libopencv_rgbd.3.4.0.dylib; sourceTree = "<group>"; };
		5CB476CB21805B0E0057AFE6 /* libopencv_bgsegm.3.4.0.dylib */ = {isa = PBXFileReference; lastKnownFileType = "compiled.mach-o.dylib"; path = libopencv_bgsegm.3.4.0.dylib; sourceTree = "<group>"; };
		5CB476CC21805B0E0057AFE6 /* libopencv_structured_light.3.4.0.dylib */ = {isa = PBXFileReference; lastKnownFileType = "compiled.mach-o.dylib"; path = libopencv_structured_light.3.4.0.dylib; sourceTree = "<group>"; };
		5CB476CD21805B0F0057AFE6 /* libopencv_surface_matching.3.4.0.dylib */ = {isa = PBXFileReference; lastKnownFileType = "compiled.mach-o.dylib"; path = libopencv_surface_matching.3.4.0.dylib; sourceTree = "<group>"; };
		5CB47703218071530057AFE6 /* planning_conf.proto */ = {isa = PBXFileReference; fileEncoding = 4; lastKnownFileType = text; path = planning_conf.proto; sourceTree = "<group>"; };
		5CB4770D218083640057AFE6 /* libprotobuf.17.dylib */ = {isa = PBXFileReference; lastKnownFileType = "compiled.mach-o.dylib"; name = libprotobuf.17.dylib; path = ../../../../usr/local/lib/libprotobuf.17.dylib; sourceTree = "<group>"; };
		5CB4770F2180836D0057AFE6 /* libxml2.2.dylib */ = {isa = PBXFileReference; lastKnownFileType = "compiled.mach-o.dylib"; name = libxml2.2.dylib; path = ../../../../usr/lib/libxml2.2.dylib; sourceTree = "<group>"; };
		5CB477102180836D0057AFE6 /* libz.1.dylib */ = {isa = PBXFileReference; lastKnownFileType = "compiled.mach-o.dylib"; name = libz.1.dylib; path = ../../../../usr/lib/libz.1.dylib; sourceTree = "<group>"; };
		5CB47713218083BA0057AFE6 /* planner.cpp */ = {isa = PBXFileReference; lastKnownFileType = sourcecode.cpp.cpp; path = planner.cpp; sourceTree = "<group>"; };
		5CB47714218083BA0057AFE6 /* planner.h */ = {isa = PBXFileReference; lastKnownFileType = sourcecode.c.h; path = planner.h; sourceTree = "<group>"; };
		5CB47717218087210057AFE6 /* planning_conf.pb.txt */ = {isa = PBXFileReference; lastKnownFileType = text; path = planning_conf.pb.txt; sourceTree = "<group>"; };
		5CB47719218088210057AFE6 /* vehicle_state.h */ = {isa = PBXFileReference; lastKnownFileType = sourcecode.c.h; path = vehicle_state.h; sourceTree = "<group>"; };
		5CB4771B21808D9F0057AFE6 /* image_proc.cpp */ = {isa = PBXFileReference; lastKnownFileType = sourcecode.cpp.cpp; path = image_proc.cpp; sourceTree = "<group>"; };
		5CB4771C21808D9F0057AFE6 /* image_proc.h */ = {isa = PBXFileReference; lastKnownFileType = sourcecode.c.h; path = image_proc.h; sourceTree = "<group>"; };
		5CB4771E21808E2F0057AFE6 /* node.h */ = {isa = PBXFileReference; lastKnownFileType = sourcecode.c.h; path = node.h; sourceTree = "<group>"; };
		5CB4771F21808EB50057AFE6 /* heuristic_rrt.cpp */ = {isa = PBXFileReference; lastKnownFileType = sourcecode.cpp.cpp; path = heuristic_rrt.cpp; sourceTree = "<group>"; };
		5CB4772021808EB50057AFE6 /* heuristic_rrt.h */ = {isa = PBXFileReference; lastKnownFileType = sourcecode.c.h; path = heuristic_rrt.h; sourceTree = "<group>"; };
		5CB4772221808F090057AFE6 /* planning_status.h */ = {isa = PBXFileReference; lastKnownFileType = sourcecode.c.h; path = planning_status.h; sourceTree = "<group>"; };
		5CB4772321808F580057AFE6 /* environment.cpp */ = {isa = PBXFileReference; lastKnownFileType = sourcecode.cpp.cpp; path = environment.cpp; sourceTree = "<group>"; };
		5CB4772421808F580057AFE6 /* environment.h */ = {isa = PBXFileReference; lastKnownFileType = sourcecode.c.h; path = environment.h; sourceTree = "<group>"; };
		5CB4772621808FA20057AFE6 /* gnat.h */ = {isa = PBXFileReference; lastKnownFileType = sourcecode.c.h; path = gnat.h; sourceTree = "<group>"; };
		5CB4772721808FCE0057AFE6 /* probablistic_map.cpp */ = {isa = PBXFileReference; lastKnownFileType = sourcecode.cpp.cpp; name = probablistic_map.cpp; path = rrt/rrt/probablistic_map.cpp; sourceTree = SOURCE_ROOT; };
		5CB4772821808FCE0057AFE6 /* probablistic_map.h */ = {isa = PBXFileReference; lastKnownFileType = sourcecode.c.h; name = probablistic_map.h; path = rrt/rrt/probablistic_map.h; sourceTree = SOURCE_ROOT; };
		5CB4772B218090620057AFE6 /* map */ = {isa = PBXFileReference; lastKnownFileType = folder; path = map; sourceTree = "<group>"; };
		5CB4772C218187790057AFE6 /* planning_conf.pb.h */ = {isa = PBXFileReference; fileEncoding = 4; lastKnownFileType = sourcecode.c.h; path = planning_conf.pb.h; sourceTree = "<group>"; };
		5CB4772D218187790057AFE6 /* planning_conf.pb.cc */ = {isa = PBXFileReference; fileEncoding = 4; lastKnownFileType = sourcecode.cpp.cpp; path = planning_conf.pb.cc; sourceTree = "<group>"; };
		5CB4B11F218AE63100433D76 /* multi-thread */ = {isa = PBXFileReference; explicitFileType = "compiled.mach-o.executable"; includeInIndex = 0; path = "multi-thread"; sourceTree = BUILT_PRODUCTS_DIR; };
		5CB4B121218AE63100433D76 /* main.cpp */ = {isa = PBXFileReference; lastKnownFileType = sourcecode.cpp.cpp; path = main.cpp; sourceTree = "<group>"; };
/* End PBXFileReference section */

/* Begin PBXFrameworksBuildPhase section */
		5CB4769621805A680057AFE6 /* Frameworks */ = {
			isa = PBXFrameworksBuildPhase;
			buildActionMask = 2147483647;
			files = (
				5CB477112180836D0057AFE6 /* libxml2.2.dylib in Frameworks */,
				5CB477122180836D0057AFE6 /* libz.1.dylib in Frameworks */,
				5CB4770E218083640057AFE6 /* libprotobuf.17.dylib in Frameworks */,
				5CB476EF21805B0F0057AFE6 /* libopencv_stitching.3.4.0.dylib in Frameworks */,
				5CB476ED21805B0F0057AFE6 /* libopencv_xobjdetect.3.4.0.dylib in Frameworks */,
				5CB476D621805B0F0057AFE6 /* libopencv_objdetect.3.4.0.dylib in Frameworks */,
				5CB476D321805B0F0057AFE6 /* libopencv_img_hash.3.4.0.dylib in Frameworks */,
				5CB476E821805B0F0057AFE6 /* libopencv_ximgproc.3.4.0.dylib in Frameworks */,
				5CB476E921805B0F0057AFE6 /* libopencv_superres.3.4.0.dylib in Frameworks */,
				5CB476F321805B0F0057AFE6 /* libopencv_ccalib.3.4.0.dylib in Frameworks */,
				5CB476DA21805B0F0057AFE6 /* libopencv_xfeatures2d.3.4.0.dylib in Frameworks */,
				5CB476D021805B0F0057AFE6 /* libopencv_flann.3.4.0.dylib in Frameworks */,
				5CB476EA21805B0F0057AFE6 /* libopencv_fuzzy.3.4.0.dylib in Frameworks */,
				5CB476D721805B0F0057AFE6 /* libopencv_text.3.4.0.dylib in Frameworks */,
				5CB476E121805B0F0057AFE6 /* libopencv_dnn.3.4.0.dylib in Frameworks */,
				5CB476E021805B0F0057AFE6 /* libopencv_bioinspired.3.4.0.dylib in Frameworks */,
				5CB476E621805B0F0057AFE6 /* libopencv_imgcodecs.3.4.0.dylib in Frameworks */,
				5CB476DB21805B0F0057AFE6 /* libopencv_ml.3.4.0.dylib in Frameworks */,
				5CB476DE21805B0F0057AFE6 /* libopencv_face.3.4.0.dylib in Frameworks */,
				5CB476D821805B0F0057AFE6 /* libopencv_photo.3.4.0.dylib in Frameworks */,
				5CB476D921805B0F0057AFE6 /* libopencv_tracking.3.4.0.dylib in Frameworks */,
				5CB476D521805B0F0057AFE6 /* libopencv_xphoto.3.4.0.dylib in Frameworks */,
				5CB476F421805B0F0057AFE6 /* libopencv_rgbd.3.4.0.dylib in Frameworks */,
				5CB476F221805B0F0057AFE6 /* libopencv_dpm.3.4.0.dylib in Frameworks */,
				5CB476E521805B0F0057AFE6 /* libopencv_optflow.3.4.0.dylib in Frameworks */,
				5CB476DC21805B0F0057AFE6 /* libopencv_phase_unwrapping.3.4.0.dylib in Frameworks */,
				5CB476EB21805B0F0057AFE6 /* libopencv_features2d.3.4.0.dylib in Frameworks */,
				5CB476F021805B0F0057AFE6 /* libopencv_calib3d.3.4.0.dylib in Frameworks */,
				5CB476EE21805B0F0057AFE6 /* libopencv_highgui.3.4.0.dylib in Frameworks */,
				5CB476DD21805B0F0057AFE6 /* libopencv_saliency.3.4.0.dylib in Frameworks */,
				5CB476E321805B0F0057AFE6 /* libopencv_video.3.4.0.dylib in Frameworks */,
				5CB476D421805B0F0057AFE6 /* libopencv_plot.3.4.0.dylib in Frameworks */,
				5CB476E221805B0F0057AFE6 /* libopencv_stereo.3.4.0.dylib in Frameworks */,
				5CB476D221805B0F0057AFE6 /* libopencv_imgproc.3.4.0.dylib in Frameworks */,
				5CB476CF21805B0F0057AFE6 /* libopencv_videoio.3.4.0.dylib in Frameworks */,
				5CB476CE21805B0F0057AFE6 /* libopencv_line_descriptor.3.4.0.dylib in Frameworks */,
				5CB476F721805B0F0057AFE6 /* libopencv_surface_matching.3.4.0.dylib in Frameworks */,
				5CB476F621805B0F0057AFE6 /* libopencv_structured_light.3.4.0.dylib in Frameworks */,
				5CB476DF21805B0F0057AFE6 /* libopencv_shape.3.4.0.dylib in Frameworks */,
				5CB476F121805B0F0057AFE6 /* libopencv_core.3.4.0.dylib in Frameworks */,
				5CB476D121805B0F0057AFE6 /* libopencv_reg.3.4.0.dylib in Frameworks */,
				5CB476E721805B0F0057AFE6 /* libopencv_videostab.3.4.0.dylib in Frameworks */,
				5CB476F521805B0F0057AFE6 /* libopencv_bgsegm.3.4.0.dylib in Frameworks */,
				5CB476EC21805B0F0057AFE6 /* libopencv_datasets.3.4.0.dylib in Frameworks */,
				5CB476E421805B0F0057AFE6 /* libopencv_aruco.3.4.0.dylib in Frameworks */,
			);
			runOnlyForDeploymentPostprocessing = 0;
		};
		5CB4B11C218AE63100433D76 /* Frameworks */ = {
			isa = PBXFrameworksBuildPhase;
			buildActionMask = 2147483647;
			files = (
			);
			runOnlyForDeploymentPostprocessing = 0;
		};
/* End PBXFrameworksBuildPhase section */

/* Begin PBXGroup section */
		5CB4769021805A680057AFE6 = {
			isa = PBXGroup;
			children = (
				5CB4772A218090390057AFE6 /* resources */,
				5CB47716218086FC0057AFE6 /* conf */,
				5CB476F821805B460057AFE6 /* proto */,
				5CB476A321805AF80057AFE6 /* opencv_frameworks */,
				5CB4769B21805A680057AFE6 /* rrt */,
				5CB4B120218AE63100433D76 /* multi-thread */,
				5CB4769A21805A680057AFE6 /* Products */,
				5CB4770C218083640057AFE6 /* Frameworks */,
			);
			sourceTree = "<group>";
		};
		5CB4769A21805A680057AFE6 /* Products */ = {
			isa = PBXGroup;
			children = (
				5CB4769921805A680057AFE6 /* rrt */,
				5CB4B11F218AE63100433D76 /* multi-thread */,
			);
			name = Products;
			sourceTree = "<group>";
		};
		5CB4769B21805A680057AFE6 /* rrt */ = {
			isa = PBXGroup;
			children = (
				5CB4771A21808D570057AFE6 /* rrt */,
				5CB477182180880D0057AFE6 /* common */,
				5CB4769C21805A680057AFE6 /* main.cpp */,
				5CB47713218083BA0057AFE6 /* planner.cpp */,
				5CB47714218083BA0057AFE6 /* planner.h */,
			);
			path = rrt;
			sourceTree = "<group>";
		};
		5CB476A321805AF80057AFE6 /* opencv_frameworks */ = {
			isa = PBXGroup;
			children = (
				5CB476BA21805B0C0057AFE6 /* libopencv_aruco.3.4.0.dylib */,
				5CB476CB21805B0E0057AFE6 /* libopencv_bgsegm.3.4.0.dylib */,
				5CB476B621805B0C0057AFE6 /* libopencv_bioinspired.3.4.0.dylib */,
				5CB476C621805B0D0057AFE6 /* libopencv_calib3d.3.4.0.dylib */,
				5CB476C921805B0E0057AFE6 /* libopencv_ccalib.3.4.0.dylib */,
				5CB476C721805B0E0057AFE6 /* libopencv_core.3.4.0.dylib */,
				5CB476C221805B0D0057AFE6 /* libopencv_datasets.3.4.0.dylib */,
				5CB476B721805B0C0057AFE6 /* libopencv_dnn.3.4.0.dylib */,
				5CB476C821805B0E0057AFE6 /* libopencv_dpm.3.4.0.dylib */,
				5CB476B421805B0C0057AFE6 /* libopencv_face.3.4.0.dylib */,
				5CB476C121805B0D0057AFE6 /* libopencv_features2d.3.4.0.dylib */,
				5CB476A621805B090057AFE6 /* libopencv_flann.3.4.0.dylib */,
				5CB476C021805B0D0057AFE6 /* libopencv_fuzzy.3.4.0.dylib */,
				5CB476C421805B0D0057AFE6 /* libopencv_highgui.3.4.0.dylib */,
				5CB476A921805B0B0057AFE6 /* libopencv_img_hash.3.4.0.dylib */,
				5CB476BC21805B0D0057AFE6 /* libopencv_imgcodecs.3.4.0.dylib */,
				5CB476A821805B0B0057AFE6 /* libopencv_imgproc.3.4.0.dylib */,
				5CB476A421805B090057AFE6 /* libopencv_line_descriptor.3.4.0.dylib */,
				5CB476B121805B0C0057AFE6 /* libopencv_ml.3.4.0.dylib */,
				5CB476AC21805B0B0057AFE6 /* libopencv_objdetect.3.4.0.dylib */,
				5CB476BB21805B0C0057AFE6 /* libopencv_optflow.3.4.0.dylib */,
				5CB476B221805B0C0057AFE6 /* libopencv_phase_unwrapping.3.4.0.dylib */,
				5CB476AE21805B0B0057AFE6 /* libopencv_photo.3.4.0.dylib */,
				5CB476AA21805B0B0057AFE6 /* libopencv_plot.3.4.0.dylib */,
				5CB476A721805B0A0057AFE6 /* libopencv_reg.3.4.0.dylib */,
				5CB476CA21805B0E0057AFE6 /* libopencv_rgbd.3.4.0.dylib */,
				5CB476B321805B0C0057AFE6 /* libopencv_saliency.3.4.0.dylib */,
				5CB476B521805B0C0057AFE6 /* libopencv_shape.3.4.0.dylib */,
				5CB476B821805B0C0057AFE6 /* libopencv_stereo.3.4.0.dylib */,
				5CB476C521805B0D0057AFE6 /* libopencv_stitching.3.4.0.dylib */,
				5CB476CC21805B0E0057AFE6 /* libopencv_structured_light.3.4.0.dylib */,
				5CB476BF21805B0D0057AFE6 /* libopencv_superres.3.4.0.dylib */,
				5CB476CD21805B0F0057AFE6 /* libopencv_surface_matching.3.4.0.dylib */,
				5CB476AD21805B0B0057AFE6 /* libopencv_text.3.4.0.dylib */,
				5CB476AF21805B0B0057AFE6 /* libopencv_tracking.3.4.0.dylib */,
				5CB476B921805B0C0057AFE6 /* libopencv_video.3.4.0.dylib */,
				5CB476A521805B090057AFE6 /* libopencv_videoio.3.4.0.dylib */,
				5CB476BD21805B0D0057AFE6 /* libopencv_videostab.3.4.0.dylib */,
				5CB476B021805B0C0057AFE6 /* libopencv_xfeatures2d.3.4.0.dylib */,
				5CB476BE21805B0D0057AFE6 /* libopencv_ximgproc.3.4.0.dylib */,
				5CB476C321805B0D0057AFE6 /* libopencv_xobjdetect.3.4.0.dylib */,
				5CB476AB21805B0B0057AFE6 /* libopencv_xphoto.3.4.0.dylib */,
			);
			path = opencv_frameworks;
			sourceTree = "<group>";
		};
		5CB476F821805B460057AFE6 /* proto */ = {
			isa = PBXGroup;
			children = (
				5CB4772D218187790057AFE6 /* planning_conf.pb.cc */,
				5CB4772C218187790057AFE6 /* planning_conf.pb.h */,
				5CB47703218071530057AFE6 /* planning_conf.proto */,
			);
			path = proto;
			sourceTree = "<group>";
		};
		5CB4770C218083640057AFE6 /* Frameworks */ = {
			isa = PBXGroup;
			children = (
				5CB4770F2180836D0057AFE6 /* libxml2.2.dylib */,
				5CB477102180836D0057AFE6 /* libz.1.dylib */,
				5CB4770D218083640057AFE6 /* libprotobuf.17.dylib */,
			);
			name = Frameworks;
			sourceTree = "<group>";
		};
		5CB47716218086FC0057AFE6 /* conf */ = {
			isa = PBXGroup;
			children = (
				5CB47717218087210057AFE6 /* planning_conf.pb.txt */,
			);
			path = conf;
			sourceTree = "<group>";
		};
		5CB477182180880D0057AFE6 /* common */ = {
			isa = PBXGroup;
			children = (
				5CB4772321808F580057AFE6 /* environment.cpp */,
				5CB4772421808F580057AFE6 /* environment.h */,
				5CB47719218088210057AFE6 /* vehicle_state.h */,
				5CB4771B21808D9F0057AFE6 /* image_proc.cpp */,
				5CB4771C21808D9F0057AFE6 /* image_proc.h */,
				5CB4772221808F090057AFE6 /* planning_status.h */,
			);
			path = common;
			sourceTree = "<group>";
		};
		5CB4771A21808D570057AFE6 /* rrt */ = {
			isa = PBXGroup;
			children = (
				5CB4771E21808E2F0057AFE6 /* node.h */,
				5CB4772621808FA20057AFE6 /* gnat.h */,
				5CB4771F21808EB50057AFE6 /* heuristic_rrt.cpp */,
				5CB4772021808EB50057AFE6 /* heuristic_rrt.h */,
				5CB4772721808FCE0057AFE6 /* probablistic_map.cpp */,
				5CB4772821808FCE0057AFE6 /* probablistic_map.h */,
			);
			path = rrt;
			sourceTree = "<group>";
		};
		5CB4772A218090390057AFE6 /* resources */ = {
			isa = PBXGroup;
			children = (
				5CB4772B218090620057AFE6 /* map */,
			);
			path = resources;
			sourceTree = "<group>";
		};
		5CB4B120218AE63100433D76 /* multi-thread */ = {
			isa = PBXGroup;
			children = (
				5CB4B121218AE63100433D76 /* main.cpp */,
			);
			path = "multi-thread";
			sourceTree = "<group>";
		};
/* End PBXGroup section */

/* Begin PBXNativeTarget section */
		5CB4769821805A680057AFE6 /* rrt */ = {
			isa = PBXNativeTarget;
			buildConfigurationList = 5CB476A021805A680057AFE6 /* Build configuration list for PBXNativeTarget "rrt" */;
			buildPhases = (
				5CB4769521805A680057AFE6 /* Sources */,
				5CB4769621805A680057AFE6 /* Frameworks */,
				5CB4769721805A680057AFE6 /* CopyFiles */,
			);
			buildRules = (
				5CB476FA21805B850057AFE6 /* PBXBuildRule */,
			);
			dependencies = (
			);
			name = rrt;
			productName = rrt;
			productReference = 5CB4769921805A680057AFE6 /* rrt */;
			productType = "com.apple.product-type.tool";
		};
		5CB4B11E218AE63100433D76 /* multi-thread */ = {
			isa = PBXNativeTarget;
			buildConfigurationList = 5CB4B125218AE63100433D76 /* Build configuration list for PBXNativeTarget "multi-thread" */;
			buildPhases = (
				5CB4B11B218AE63100433D76 /* Sources */,
				5CB4B11C218AE63100433D76 /* Frameworks */,
				5CB4B11D218AE63100433D76 /* CopyFiles */,
			);
			buildRules = (
			);
			dependencies = (
			);
			name = "multi-thread";
			productName = "multi-thread";
			productReference = 5CB4B11F218AE63100433D76 /* multi-thread */;
			productType = "com.apple.product-type.tool";
		};
/* End PBXNativeTarget section */

/* Begin PBXProject section */
		5CB4769121805A680057AFE6 /* Project object */ = {
			isa = PBXProject;
			attributes = {
				LastUpgradeCheck = 0940;
				ORGANIZATIONNAME = zhuoyang;
				TargetAttributes = {
					5CB4769821805A680057AFE6 = {
						CreatedOnToolsVersion = 9.4.1;
					};
					5CB4B11E218AE63100433D76 = {
						CreatedOnToolsVersion = 9.4.1;
					};
				};
			};
			buildConfigurationList = 5CB4769421805A680057AFE6 /* Build configuration list for PBXProject "rrt" */;
			compatibilityVersion = "Xcode 9.3";
			developmentRegion = en;
			hasScannedForEncodings = 0;
			knownRegions = (
				en,
			);
			mainGroup = 5CB4769021805A680057AFE6;
			productRefGroup = 5CB4769A21805A680057AFE6 /* Products */;
			projectDirPath = "";
			projectRoot = "";
			targets = (
				5CB4769821805A680057AFE6 /* rrt */,
				5CB4B11E218AE63100433D76 /* multi-thread */,
			);
		};
/* End PBXProject section */

/* Begin PBXSourcesBuildPhase section */
		5CB4769521805A680057AFE6 /* Sources */ = {
			isa = PBXSourcesBuildPhase;
			buildActionMask = 2147483647;
			files = (
				5CB4769D21805A680057AFE6 /* main.cpp in Sources */,
				5CB4772521808F580057AFE6 /* environment.cpp in Sources */,
				5CB4772921808FCE0057AFE6 /* probablistic_map.cpp in Sources */,
				5CB4771D21808D9F0057AFE6 /* image_proc.cpp in Sources */,
				5CB4772E218187790057AFE6 /* planning_conf.pb.cc in Sources */,
				5CB4772121808EB50057AFE6 /* heuristic_rrt.cpp in Sources */,
				5CB47715218083BA0057AFE6 /* planner.cpp in Sources */,
			);
			runOnlyForDeploymentPostprocessing = 0;
		};
		5CB4B11B218AE63100433D76 /* Sources */ = {
			isa = PBXSourcesBuildPhase;
			buildActionMask = 2147483647;
			files = (
				5CB4B122218AE63100433D76 /* main.cpp in Sources */,
			);
			runOnlyForDeploymentPostprocessing = 0;
		};
/* End PBXSourcesBuildPhase section */

/* Begin XCBuildConfiguration section */
		5CB4769E21805A680057AFE6 /* Debug */ = {
			isa = XCBuildConfiguration;
			buildSettings = {
				ALWAYS_SEARCH_USER_PATHS = NO;
				CLANG_ANALYZER_NONNULL = YES;
				CLANG_ANALYZER_NUMBER_OBJECT_CONVERSION = YES_AGGRESSIVE;
				CLANG_CXX_LANGUAGE_STANDARD = "gnu++14";
				CLANG_CXX_LIBRARY = "libc++";
				CLANG_ENABLE_MODULES = YES;
				CLANG_ENABLE_OBJC_ARC = YES;
				CLANG_ENABLE_OBJC_WEAK = YES;
				CLANG_WARN_BLOCK_CAPTURE_AUTORELEASING = YES;
				CLANG_WARN_BOOL_CONVERSION = YES;
				CLANG_WARN_COMMA = YES;
				CLANG_WARN_CONSTANT_CONVERSION = YES;
				CLANG_WARN_DEPRECATED_OBJC_IMPLEMENTATIONS = YES;
				CLANG_WARN_DIRECT_OBJC_ISA_USAGE = YES_ERROR;
				CLANG_WARN_DOCUMENTATION_COMMENTS = YES;
				CLANG_WARN_EMPTY_BODY = YES;
				CLANG_WARN_ENUM_CONVERSION = YES;
				CLANG_WARN_INFINITE_RECURSION = YES;
				CLANG_WARN_INT_CONVERSION = YES;
				CLANG_WARN_NON_LITERAL_NULL_CONVERSION = YES;
				CLANG_WARN_OBJC_IMPLICIT_RETAIN_SELF = YES;
				CLANG_WARN_OBJC_LITERAL_CONVERSION = YES;
				CLANG_WARN_OBJC_ROOT_CLASS = YES_ERROR;
				CLANG_WARN_RANGE_LOOP_ANALYSIS = YES;
				CLANG_WARN_STRICT_PROTOTYPES = YES;
				CLANG_WARN_SUSPICIOUS_MOVE = YES;
				CLANG_WARN_UNGUARDED_AVAILABILITY = YES_AGGRESSIVE;
				CLANG_WARN_UNREACHABLE_CODE = YES;
				CLANG_WARN__DUPLICATE_METHOD_MATCH = YES;
				CODE_SIGN_IDENTITY = "-";
				COPY_PHASE_STRIP = NO;
				DEBUG_INFORMATION_FORMAT = dwarf;
				ENABLE_STRICT_OBJC_MSGSEND = YES;
				ENABLE_TESTABILITY = YES;
				GCC_C_LANGUAGE_STANDARD = gnu11;
				GCC_DYNAMIC_NO_PIC = NO;
				GCC_NO_COMMON_BLOCKS = YES;
				GCC_OPTIMIZATION_LEVEL = 0;
				GCC_PREPROCESSOR_DEFINITIONS = (
					"DEBUG=1",
					"$(inherited)",
				);
				GCC_WARN_64_TO_32_BIT_CONVERSION = YES;
				GCC_WARN_ABOUT_RETURN_TYPE = YES_ERROR;
				GCC_WARN_UNDECLARED_SELECTOR = YES;
				GCC_WARN_UNINITIALIZED_AUTOS = YES_AGGRESSIVE;
				GCC_WARN_UNUSED_FUNCTION = YES;
				GCC_WARN_UNUSED_VARIABLE = YES;
				MACOSX_DEPLOYMENT_TARGET = 10.13;
				MTL_ENABLE_DEBUG_INFO = YES;
				ONLY_ACTIVE_ARCH = YES;
				SDKROOT = macosx;
			};
			name = Debug;
		};
		5CB4769F21805A680057AFE6 /* Release */ = {
			isa = XCBuildConfiguration;
			buildSettings = {
				ALWAYS_SEARCH_USER_PATHS = NO;
				CLANG_ANALYZER_NONNULL = YES;
				CLANG_ANALYZER_NUMBER_OBJECT_CONVERSION = YES_AGGRESSIVE;
				CLANG_CXX_LANGUAGE_STANDARD = "gnu++14";
				CLANG_CXX_LIBRARY = "libc++";
				CLANG_ENABLE_MODULES = YES;
				CLANG_ENABLE_OBJC_ARC = YES;
				CLANG_ENABLE_OBJC_WEAK = YES;
				CLANG_WARN_BLOCK_CAPTURE_AUTORELEASING = YES;
				CLANG_WARN_BOOL_CONVERSION = YES;
				CLANG_WARN_COMMA = YES;
				CLANG_WARN_CONSTANT_CONVERSION = YES;
				CLANG_WARN_DEPRECATED_OBJC_IMPLEMENTATIONS = YES;
				CLANG_WARN_DIRECT_OBJC_ISA_USAGE = YES_ERROR;
				CLANG_WARN_DOCUMENTATION_COMMENTS = YES;
				CLANG_WARN_EMPTY_BODY = YES;
				CLANG_WARN_ENUM_CONVERSION = YES;
				CLANG_WARN_INFINITE_RECURSION = YES;
				CLANG_WARN_INT_CONVERSION = YES;
				CLANG_WARN_NON_LITERAL_NULL_CONVERSION = YES;
				CLANG_WARN_OBJC_IMPLICIT_RETAIN_SELF = YES;
				CLANG_WARN_OBJC_LITERAL_CONVERSION = YES;
				CLANG_WARN_OBJC_ROOT_CLASS = YES_ERROR;
				CLANG_WARN_RANGE_LOOP_ANALYSIS = YES;
				CLANG_WARN_STRICT_PROTOTYPES = YES;
				CLANG_WARN_SUSPICIOUS_MOVE = YES;
				CLANG_WARN_UNGUARDED_AVAILABILITY = YES_AGGRESSIVE;
				CLANG_WARN_UNREACHABLE_CODE = YES;
				CLANG_WARN__DUPLICATE_METHOD_MATCH = YES;
				CODE_SIGN_IDENTITY = "-";
				COPY_PHASE_STRIP = NO;
				DEBUG_INFORMATION_FORMAT = "dwarf-with-dsym";
				ENABLE_NS_ASSERTIONS = NO;
				ENABLE_STRICT_OBJC_MSGSEND = YES;
				GCC_C_LANGUAGE_STANDARD = gnu11;
				GCC_NO_COMMON_BLOCKS = YES;
				GCC_WARN_64_TO_32_BIT_CONVERSION = YES;
				GCC_WARN_ABOUT_RETURN_TYPE = YES_ERROR;
				GCC_WARN_UNDECLARED_SELECTOR = YES;
				GCC_WARN_UNINITIALIZED_AUTOS = YES_AGGRESSIVE;
				GCC_WARN_UNUSED_FUNCTION = YES;
				GCC_WARN_UNUSED_VARIABLE = YES;
				MACOSX_DEPLOYMENT_TARGET = 10.13;
				MTL_ENABLE_DEBUG_INFO = NO;
				SDKROOT = macosx;
			};
			name = Release;
		};
		5CB476A121805A680057AFE6 /* Debug */ = {
			isa = XCBuildConfiguration;
			buildSettings = {
				CODE_SIGN_STYLE = Automatic;
				DEBUG_INFORMATION_FORMAT = dwarf;
				HEADER_SEARCH_PATHS = (
					/usr/local/include,
					"$(PROJECT_DIR)/proto/planning_conf.h",
				);
				LIBRARY_SEARCH_PATHS = (
					"$(inherited)",
					/usr/local/lib,
					/usr/local/Cellar/opencv/3.4.0_1/lib,
					"$(PROJECT_DIR)/opencv_frameworks",
				);
				PRODUCT_NAME = "$(TARGET_NAME)";
			};
			name = Debug;
		};
		5CB476A221805A680057AFE6 /* Release */ = {
			isa = XCBuildConfiguration;
			buildSettings = {
				CODE_SIGN_STYLE = Automatic;
				DEBUG_INFORMATION_FORMAT = dwarf;
				HEADER_SEARCH_PATHS = (
					/usr/local/include,
					"$(PROJECT_DIR)/proto/planning_conf.h",
				);
				LIBRARY_SEARCH_PATHS = (
					"$(inherited)",
					/usr/local/lib,
					/usr/local/Cellar/opencv/3.4.0_1/lib,
					"$(PROJECT_DIR)/opencv_frameworks",
				);
				PRODUCT_NAME = "$(TARGET_NAME)";
			};
			name = Release;
		};
		5CB4B123218AE63100433D76 /* Debug */ = {
			isa = XCBuildConfiguration;
			buildSettings = {
				CODE_SIGN_STYLE = Automatic;
				PRODUCT_NAME = "$(TARGET_NAME)";
			};
			name = Debug;
		};
		5CB4B124218AE63100433D76 /* Release */ = {
			isa = XCBuildConfiguration;
			buildSettings = {
				CODE_SIGN_STYLE = Automatic;
				PRODUCT_NAME = "$(TARGET_NAME)";
			};
			name = Release;
		};
/* End XCBuildConfiguration section */

/* Begin XCConfigurationList section */
		5CB4769421805A680057AFE6 /* Build configuration list for PBXProject "rrt" */ = {
			isa = XCConfigurationList;
			buildConfigurations = (
				5CB4769E21805A680057AFE6 /* Debug */,
				5CB4769F21805A680057AFE6 /* Release */,
			);
			defaultConfigurationIsVisible = 0;
			defaultConfigurationName = Release;
		};
		5CB476A021805A680057AFE6 /* Build configuration list for PBXNativeTarget "rrt" */ = {
			isa = XCConfigurationList;
			buildConfigurations = (
				5CB476A121805A680057AFE6 /* Debug */,
				5CB476A221805A680057AFE6 /* Release */,
			);
			defaultConfigurationIsVisible = 0;
			defaultConfigurationName = Release;
		};
		5CB4B125218AE63100433D76 /* Build configuration list for PBXNativeTarget "multi-thread" */ = {
			isa = XCConfigurationList;
			buildConfigurations = (
				5CB4B123218AE63100433D76 /* Debug */,
				5CB4B124218AE63100433D76 /* Release */,
			);
			defaultConfigurationIsVisible = 0;
			defaultConfigurationName = Release;
		};
/* End XCConfigurationList section */
	};
	rootObject = 5CB4769121805A680057AFE6 /* Project object */;
}
